
Microsoft Visual Studio Solution File, Format Version 12.00
# Visual Studio 15
VisualStudioVersion = 15.0.26228.9
MinimumVisualStudioVersion = 10.0.40219.1
Project("{2150E333-8FDC-42A3-9474-1A3956D46DE8}") = "src", "src", "{69038CDD-EF9E-46CD-A28A-993CEDDEF10F}"
EndProject
Project("{2150E333-8FDC-42A3-9474-1A3956D46DE8}") = "test", "test", "{4BAB7AD5-0144-4424-AD33-720F757EB065}"
EndProject
Project("{9A19103F-16F7-4668-BE54-9A1E7A4F7556}") = "Brace.Interpretation", "src\Brace.Interpretation\Brace.Interpretation.csproj", "{4ABE95E8-A1DC-4CC7-B75E-E4A97B94C7CF}"
EndProject
Project("{9A19103F-16F7-4668-BE54-9A1E7A4F7556}") = "Brace.UnitTests", "test\Brace.UnitTests\Brace.UnitTests.csproj", "{965960F0-005B-4FC9-BC6E-80D1B37319C4}"
EndProject
Project("{9A19103F-16F7-4668-BE54-9A1E7A4F7556}") = "Brace.Commands", "src\Brace.Commands\Brace.Commands.csproj", "{B29EBF8A-1B81-4F6D-8C4A-F9ABB834D4E6}"
EndProject
Project("{9A19103F-16F7-4668-BE54-9A1E7A4F7556}") = "Brace.Repository", "src\Brace.Repository\Brace.Repository.csproj", "{6FD394E3-9C64-4B86-B158-CB842DCAA7B5}"
EndProject
Project("{9A19103F-16F7-4668-BE54-9A1E7A4F7556}") = "Brace.Repository.Interface", "src\Brace.Repository.Interface\Brace.Repository.Interface.csproj", "{18B9B419-D05A-459B-BAB4-2086C374CE56}"
EndProject
Project("{9A19103F-16F7-4668-BE54-9A1E7A4F7556}") = "Brace.DocumentProcessor", "src\Brace.DocumentProcessor\Brace.DocumentProcessor.csproj", "{98E4C7CC-F3C3-4B81-AA62-984F00D35464}"
EndProject
Project("{9A19103F-16F7-4668-BE54-9A1E7A4F7556}") = "Brace.DomainModel", "src\Brace.DomainModel\Brace.DomainModel.csproj", "{8701473C-FCDE-4453-AFB6-39D388F534C5}"
EndProject
Project("{9A19103F-16F7-4668-BE54-9A1E7A4F7556}") = "Brace.DomainService", "src\Brace.DomainService\Brace.DomainService.csproj", "{C7848986-7548-40B2-92BA-51E6CAFAB800}"
EndProject
Project("{2150E333-8FDC-42A3-9474-1A3956D46DE8}") = "Stub", "Stub", "{5300F869-37BD-4137-B3E7-4E43175D4FB7}"
EndProject
Project("{FAE04EC0-301F-11D3-BF4B-00C04F79EFBC}") = "Brace.Stub.Linker", "test\Brace.Stub.Linker\Brace.Stub.Linker.csproj", "{4778075E-7E55-4F1C-9DBD-4B7AB11C1D8B}"
EndProject
Project("{FAE04EC0-301F-11D3-BF4B-00C04F79EFBC}") = "Brace.Stub.TypeLinkerValidConfiguration", "test\Brace.Stub.TypeLinkerValidConfiguration\Brace.Stub.TypeLinkerValidConfiguration.csproj", "{BFBA4E42-D0C4-487E-959A-016BB7EF6D1E}"
EndProject
Project("{FAE04EC0-301F-11D3-BF4B-00C04F79EFBC}") = "Brace.Stub.TypeLinkerInvalidWithoutLinkedItems", "test\Brace.Stub.TypeLinkerInvalidWithoutLinkedItems\Brace.Stub.TypeLinkerInvalidWithoutLinkedItems.csproj", "{133E4F4B-4C33-4D46-8227-CE00E2300446}"
EndProject
Project("{FAE04EC0-301F-11D3-BF4B-00C04F79EFBC}") = "Brace.Stub.TypeLinkerInvalidMissedLinkedItem", "test\Brace.Stub.TypeLinkerInvalidMissedLinkedItem\Brace.Stub.TypeLinkerInvalidMissedLinkedItem.csproj", "{981281F6-B7C5-4742-B735-F7F00C292CB8}"
EndProject
Project("{FAE04EC0-301F-11D3-BF4B-00C04F79EFBC}") = "Brace.Stub.TypeLinkerInvalidSeveralLinkedItemsForOneKey", "test\Brace.Stub.TypeLinkerInvalidSeveralLinkedItemsForOneKey\Brace.Stub.TypeLinkerInvalidSeveralLinkedItemsForOneKey.csproj", "{72E9D46B-DD10-478D-A9C7-512402A35844}"
EndProject
Project("{FAE04EC0-301F-11D3-BF4B-00C04F79EFBC}") = "Brace", "src\Brace\Brace.csproj", "{1C86194B-3631-42EC-A4AF-577B0E14AD6C}"
EndProject
Project("{FAE04EC0-301F-11D3-BF4B-00C04F79EFBC}") = "Brace.Stub.CommandLinker", "test\Brace.Stub.CommandLinker\Brace.Stub.CommandLinker.csproj", "{D5DE1862-29B0-458D-8201-5B7F4E2A6B7E}"
EndProject
Global
	GlobalSection(SolutionConfigurationPlatforms) = preSolution
		Debug|Any CPU = Debug|Any CPU
		Debug|x64 = Debug|x64
		Debug|x86 = Debug|x86
		Release|Any CPU = Release|Any CPU
		Release|x64 = Release|x64
		Release|x86 = Release|x86
	EndGlobalSection
	GlobalSection(ProjectConfigurationPlatforms) = postSolution
		{4ABE95E8-A1DC-4CC7-B75E-E4A97B94C7CF}.Debug|Any CPU.ActiveCfg = Debug|Any CPU
		{4ABE95E8-A1DC-4CC7-B75E-E4A97B94C7CF}.Debug|Any CPU.Build.0 = Debug|Any CPU
		{4ABE95E8-A1DC-4CC7-B75E-E4A97B94C7CF}.Debug|x64.ActiveCfg = Debug|Any CPU
		{4ABE95E8-A1DC-4CC7-B75E-E4A97B94C7CF}.Debug|x64.Build.0 = Debug|Any CPU
		{4ABE95E8-A1DC-4CC7-B75E-E4A97B94C7CF}.Debug|x86.ActiveCfg = Debug|Any CPU
		{4ABE95E8-A1DC-4CC7-B75E-E4A97B94C7CF}.Debug|x86.Build.0 = Debug|Any CPU
		{4ABE95E8-A1DC-4CC7-B75E-E4A97B94C7CF}.Release|Any CPU.ActiveCfg = Release|Any CPU
		{4ABE95E8-A1DC-4CC7-B75E-E4A97B94C7CF}.Release|Any CPU.Build.0 = Release|Any CPU
		{4ABE95E8-A1DC-4CC7-B75E-E4A97B94C7CF}.Release|x64.ActiveCfg = Release|Any CPU
		{4ABE95E8-A1DC-4CC7-B75E-E4A97B94C7CF}.Release|x64.Build.0 = Release|Any CPU
		{4ABE95E8-A1DC-4CC7-B75E-E4A97B94C7CF}.Release|x86.ActiveCfg = Release|Any CPU
		{4ABE95E8-A1DC-4CC7-B75E-E4A97B94C7CF}.Release|x86.Build.0 = Release|Any CPU
		{965960F0-005B-4FC9-BC6E-80D1B37319C4}.Debug|Any CPU.ActiveCfg = Debug|Any CPU
		{965960F0-005B-4FC9-BC6E-80D1B37319C4}.Debug|Any CPU.Build.0 = Debug|Any CPU
		{965960F0-005B-4FC9-BC6E-80D1B37319C4}.Debug|x64.ActiveCfg = Debug|Any CPU
		{965960F0-005B-4FC9-BC6E-80D1B37319C4}.Debug|x64.Build.0 = Debug|Any CPU
		{965960F0-005B-4FC9-BC6E-80D1B37319C4}.Debug|x86.ActiveCfg = Debug|Any CPU
		{965960F0-005B-4FC9-BC6E-80D1B37319C4}.Debug|x86.Build.0 = Debug|Any CPU
		{965960F0-005B-4FC9-BC6E-80D1B37319C4}.Release|Any CPU.ActiveCfg = Release|Any CPU
		{965960F0-005B-4FC9-BC6E-80D1B37319C4}.Release|Any CPU.Build.0 = Release|Any CPU
		{965960F0-005B-4FC9-BC6E-80D1B37319C4}.Release|x64.ActiveCfg = Release|Any CPU
		{965960F0-005B-4FC9-BC6E-80D1B37319C4}.Release|x64.Build.0 = Release|Any CPU
		{965960F0-005B-4FC9-BC6E-80D1B37319C4}.Release|x86.ActiveCfg = Release|Any CPU
		{965960F0-005B-4FC9-BC6E-80D1B37319C4}.Release|x86.Build.0 = Release|Any CPU
		{B29EBF8A-1B81-4F6D-8C4A-F9ABB834D4E6}.Debug|Any CPU.ActiveCfg = Debug|Any CPU
		{B29EBF8A-1B81-4F6D-8C4A-F9ABB834D4E6}.Debug|Any CPU.Build.0 = Debug|Any CPU
		{B29EBF8A-1B81-4F6D-8C4A-F9ABB834D4E6}.Debug|x64.ActiveCfg = Debug|Any CPU
		{B29EBF8A-1B81-4F6D-8C4A-F9ABB834D4E6}.Debug|x64.Build.0 = Debug|Any CPU
		{B29EBF8A-1B81-4F6D-8C4A-F9ABB834D4E6}.Debug|x86.ActiveCfg = Debug|Any CPU
		{B29EBF8A-1B81-4F6D-8C4A-F9ABB834D4E6}.Debug|x86.Build.0 = Debug|Any CPU
		{B29EBF8A-1B81-4F6D-8C4A-F9ABB834D4E6}.Release|Any CPU.ActiveCfg = Release|Any CPU
		{B29EBF8A-1B81-4F6D-8C4A-F9ABB834D4E6}.Release|Any CPU.Build.0 = Release|Any CPU
		{B29EBF8A-1B81-4F6D-8C4A-F9ABB834D4E6}.Release|x64.ActiveCfg = Release|Any CPU
		{B29EBF8A-1B81-4F6D-8C4A-F9ABB834D4E6}.Release|x64.Build.0 = Release|Any CPU
		{B29EBF8A-1B81-4F6D-8C4A-F9ABB834D4E6}.Release|x86.ActiveCfg = Release|Any CPU
		{B29EBF8A-1B81-4F6D-8C4A-F9ABB834D4E6}.Release|x86.Build.0 = Release|Any CPU
		{6FD394E3-9C64-4B86-B158-CB842DCAA7B5}.Debug|Any CPU.ActiveCfg = Debug|Any CPU
		{6FD394E3-9C64-4B86-B158-CB842DCAA7B5}.Debug|Any CPU.Build.0 = Debug|Any CPU
		{6FD394E3-9C64-4B86-B158-CB842DCAA7B5}.Debug|x64.ActiveCfg = Debug|Any CPU
		{6FD394E3-9C64-4B86-B158-CB842DCAA7B5}.Debug|x64.Build.0 = Debug|Any CPU
		{6FD394E3-9C64-4B86-B158-CB842DCAA7B5}.Debug|x86.ActiveCfg = Debug|Any CPU
		{6FD394E3-9C64-4B86-B158-CB842DCAA7B5}.Debug|x86.Build.0 = Debug|Any CPU
		{6FD394E3-9C64-4B86-B158-CB842DCAA7B5}.Release|Any CPU.ActiveCfg = Release|Any CPU
		{6FD394E3-9C64-4B86-B158-CB842DCAA7B5}.Release|Any CPU.Build.0 = Release|Any CPU
		{6FD394E3-9C64-4B86-B158-CB842DCAA7B5}.Release|x64.ActiveCfg = Release|Any CPU
		{6FD394E3-9C64-4B86-B158-CB842DCAA7B5}.Release|x64.Build.0 = Release|Any CPU
		{6FD394E3-9C64-4B86-B158-CB842DCAA7B5}.Release|x86.ActiveCfg = Release|Any CPU
		{6FD394E3-9C64-4B86-B158-CB842DCAA7B5}.Release|x86.Build.0 = Release|Any CPU
		{18B9B419-D05A-459B-BAB4-2086C374CE56}.Debug|Any CPU.ActiveCfg = Debug|Any CPU
		{18B9B419-D05A-459B-BAB4-2086C374CE56}.Debug|Any CPU.Build.0 = Debug|Any CPU
		{18B9B419-D05A-459B-BAB4-2086C374CE56}.Debug|x64.ActiveCfg = Debug|Any CPU
		{18B9B419-D05A-459B-BAB4-2086C374CE56}.Debug|x64.Build.0 = Debug|Any CPU
		{18B9B419-D05A-459B-BAB4-2086C374CE56}.Debug|x86.ActiveCfg = Debug|Any CPU
		{18B9B419-D05A-459B-BAB4-2086C374CE56}.Debug|x86.Build.0 = Debug|Any CPU
		{18B9B419-D05A-459B-BAB4-2086C374CE56}.Release|Any CPU.ActiveCfg = Release|Any CPU
		{18B9B419-D05A-459B-BAB4-2086C374CE56}.Release|Any CPU.Build.0 = Release|Any CPU
		{18B9B419-D05A-459B-BAB4-2086C374CE56}.Release|x64.ActiveCfg = Release|Any CPU
		{18B9B419-D05A-459B-BAB4-2086C374CE56}.Release|x64.Build.0 = Release|Any CPU
		{18B9B419-D05A-459B-BAB4-2086C374CE56}.Release|x86.ActiveCfg = Release|Any CPU
		{18B9B419-D05A-459B-BAB4-2086C374CE56}.Release|x86.Build.0 = Release|Any CPU
		{98E4C7CC-F3C3-4B81-AA62-984F00D35464}.Debug|Any CPU.ActiveCfg = Debug|Any CPU
		{98E4C7CC-F3C3-4B81-AA62-984F00D35464}.Debug|Any CPU.Build.0 = Debug|Any CPU
		{98E4C7CC-F3C3-4B81-AA62-984F00D35464}.Debug|x64.ActiveCfg = Debug|Any CPU
		{98E4C7CC-F3C3-4B81-AA62-984F00D35464}.Debug|x64.Build.0 = Debug|Any CPU
		{98E4C7CC-F3C3-4B81-AA62-984F00D35464}.Debug|x86.ActiveCfg = Debug|Any CPU
		{98E4C7CC-F3C3-4B81-AA62-984F00D35464}.Debug|x86.Build.0 = Debug|Any CPU
		{98E4C7CC-F3C3-4B81-AA62-984F00D35464}.Release|Any CPU.ActiveCfg = Release|Any CPU
		{98E4C7CC-F3C3-4B81-AA62-984F00D35464}.Release|Any CPU.Build.0 = Release|Any CPU
		{98E4C7CC-F3C3-4B81-AA62-984F00D35464}.Release|x64.ActiveCfg = Release|Any CPU
		{98E4C7CC-F3C3-4B81-AA62-984F00D35464}.Release|x64.Build.0 = Release|Any CPU
		{98E4C7CC-F3C3-4B81-AA62-984F00D35464}.Release|x86.ActiveCfg = Release|Any CPU
		{98E4C7CC-F3C3-4B81-AA62-984F00D35464}.Release|x86.Build.0 = Release|Any CPU
		{8701473C-FCDE-4453-AFB6-39D388F534C5}.Debug|Any CPU.ActiveCfg = Debug|Any CPU
		{8701473C-FCDE-4453-AFB6-39D388F534C5}.Debug|Any CPU.Build.0 = Debug|Any CPU
		{8701473C-FCDE-4453-AFB6-39D388F534C5}.Debug|x64.ActiveCfg = Debug|Any CPU
		{8701473C-FCDE-4453-AFB6-39D388F534C5}.Debug|x64.Build.0 = Debug|Any CPU
		{8701473C-FCDE-4453-AFB6-39D388F534C5}.Debug|x86.ActiveCfg = Debug|Any CPU
		{8701473C-FCDE-4453-AFB6-39D388F534C5}.Debug|x86.Build.0 = Debug|Any CPU
		{8701473C-FCDE-4453-AFB6-39D388F534C5}.Release|Any CPU.ActiveCfg = Release|Any CPU
		{8701473C-FCDE-4453-AFB6-39D388F534C5}.Release|Any CPU.Build.0 = Release|Any CPU
		{8701473C-FCDE-4453-AFB6-39D388F534C5}.Release|x64.ActiveCfg = Release|Any CPU
		{8701473C-FCDE-4453-AFB6-39D388F534C5}.Release|x64.Build.0 = Release|Any CPU
		{8701473C-FCDE-4453-AFB6-39D388F534C5}.Release|x86.ActiveCfg = Release|Any CPU
		{8701473C-FCDE-4453-AFB6-39D388F534C5}.Release|x86.Build.0 = Release|Any CPU
		{C7848986-7548-40B2-92BA-51E6CAFAB800}.Debug|Any CPU.ActiveCfg = Debug|Any CPU
		{C7848986-7548-40B2-92BA-51E6CAFAB800}.Debug|Any CPU.Build.0 = Debug|Any CPU
		{C7848986-7548-40B2-92BA-51E6CAFAB800}.Debug|x64.ActiveCfg = Debug|Any CPU
		{C7848986-7548-40B2-92BA-51E6CAFAB800}.Debug|x64.Build.0 = Debug|Any CPU
		{C7848986-7548-40B2-92BA-51E6CAFAB800}.Debug|x86.ActiveCfg = Debug|Any CPU
		{C7848986-7548-40B2-92BA-51E6CAFAB800}.Debug|x86.Build.0 = Debug|Any CPU
		{C7848986-7548-40B2-92BA-51E6CAFAB800}.Release|Any CPU.ActiveCfg = Release|Any CPU
		{C7848986-7548-40B2-92BA-51E6CAFAB800}.Release|Any CPU.Build.0 = Release|Any CPU
		{C7848986-7548-40B2-92BA-51E6CAFAB800}.Release|x64.ActiveCfg = Release|Any CPU
		{C7848986-7548-40B2-92BA-51E6CAFAB800}.Release|x64.Build.0 = Release|Any CPU
		{C7848986-7548-40B2-92BA-51E6CAFAB800}.Release|x86.ActiveCfg = Release|Any CPU
		{C7848986-7548-40B2-92BA-51E6CAFAB800}.Release|x86.Build.0 = Release|Any CPU
		{4778075E-7E55-4F1C-9DBD-4B7AB11C1D8B}.Debug|Any CPU.ActiveCfg = Debug|Any CPU
		{4778075E-7E55-4F1C-9DBD-4B7AB11C1D8B}.Debug|Any CPU.Build.0 = Debug|Any CPU
		{4778075E-7E55-4F1C-9DBD-4B7AB11C1D8B}.Debug|x64.ActiveCfg = Debug|Any CPU
		{4778075E-7E55-4F1C-9DBD-4B7AB11C1D8B}.Debug|x64.Build.0 = Debug|Any CPU
		{4778075E-7E55-4F1C-9DBD-4B7AB11C1D8B}.Debug|x86.ActiveCfg = Debug|Any CPU
		{4778075E-7E55-4F1C-9DBD-4B7AB11C1D8B}.Debug|x86.Build.0 = Debug|Any CPU
		{4778075E-7E55-4F1C-9DBD-4B7AB11C1D8B}.Release|Any CPU.ActiveCfg = Release|Any CPU
		{4778075E-7E55-4F1C-9DBD-4B7AB11C1D8B}.Release|Any CPU.Build.0 = Release|Any CPU
		{4778075E-7E55-4F1C-9DBD-4B7AB11C1D8B}.Release|x64.ActiveCfg = Release|Any CPU
		{4778075E-7E55-4F1C-9DBD-4B7AB11C1D8B}.Release|x64.Build.0 = Release|Any CPU
		{4778075E-7E55-4F1C-9DBD-4B7AB11C1D8B}.Release|x86.ActiveCfg = Release|Any CPU
		{4778075E-7E55-4F1C-9DBD-4B7AB11C1D8B}.Release|x86.Build.0 = Release|Any CPU
		{BFBA4E42-D0C4-487E-959A-016BB7EF6D1E}.Debug|Any CPU.ActiveCfg = Debug|Any CPU
		{BFBA4E42-D0C4-487E-959A-016BB7EF6D1E}.Debug|Any CPU.Build.0 = Debug|Any CPU
		{BFBA4E42-D0C4-487E-959A-016BB7EF6D1E}.Debug|x64.ActiveCfg = Debug|Any CPU
		{BFBA4E42-D0C4-487E-959A-016BB7EF6D1E}.Debug|x64.Build.0 = Debug|Any CPU
		{BFBA4E42-D0C4-487E-959A-016BB7EF6D1E}.Debug|x86.ActiveCfg = Debug|Any CPU
		{BFBA4E42-D0C4-487E-959A-016BB7EF6D1E}.Debug|x86.Build.0 = Debug|Any CPU
		{BFBA4E42-D0C4-487E-959A-016BB7EF6D1E}.Release|Any CPU.ActiveCfg = Release|Any CPU
		{BFBA4E42-D0C4-487E-959A-016BB7EF6D1E}.Release|Any CPU.Build.0 = Release|Any CPU
		{BFBA4E42-D0C4-487E-959A-016BB7EF6D1E}.Release|x64.ActiveCfg = Release|Any CPU
		{BFBA4E42-D0C4-487E-959A-016BB7EF6D1E}.Release|x64.Build.0 = Release|Any CPU
		{BFBA4E42-D0C4-487E-959A-016BB7EF6D1E}.Release|x86.ActiveCfg = Release|Any CPU
		{BFBA4E42-D0C4-487E-959A-016BB7EF6D1E}.Release|x86.Build.0 = Release|Any CPU
		{133E4F4B-4C33-4D46-8227-CE00E2300446}.Debug|Any CPU.ActiveCfg = Debug|Any CPU
		{133E4F4B-4C33-4D46-8227-CE00E2300446}.Debug|Any CPU.Build.0 = Debug|Any CPU
		{133E4F4B-4C33-4D46-8227-CE00E2300446}.Debug|x64.ActiveCfg = Debug|Any CPU
		{133E4F4B-4C33-4D46-8227-CE00E2300446}.Debug|x64.Build.0 = Debug|Any CPU
		{133E4F4B-4C33-4D46-8227-CE00E2300446}.Debug|x86.ActiveCfg = Debug|Any CPU
		{133E4F4B-4C33-4D46-8227-CE00E2300446}.Debug|x86.Build.0 = Debug|Any CPU
		{133E4F4B-4C33-4D46-8227-CE00E2300446}.Release|Any CPU.ActiveCfg = Release|Any CPU
		{133E4F4B-4C33-4D46-8227-CE00E2300446}.Release|Any CPU.Build.0 = Release|Any CPU
		{133E4F4B-4C33-4D46-8227-CE00E2300446}.Release|x64.ActiveCfg = Release|Any CPU
		{133E4F4B-4C33-4D46-8227-CE00E2300446}.Release|x64.Build.0 = Release|Any CPU
		{133E4F4B-4C33-4D46-8227-CE00E2300446}.Release|x86.ActiveCfg = Release|Any CPU
		{133E4F4B-4C33-4D46-8227-CE00E2300446}.Release|x86.Build.0 = Release|Any CPU
		{981281F6-B7C5-4742-B735-F7F00C292CB8}.Debug|Any CPU.ActiveCfg = Debug|Any CPU
		{981281F6-B7C5-4742-B735-F7F00C292CB8}.Debug|Any CPU.Build.0 = Debug|Any CPU
		{981281F6-B7C5-4742-B735-F7F00C292CB8}.Debug|x64.ActiveCfg = Debug|Any CPU
		{981281F6-B7C5-4742-B735-F7F00C292CB8}.Debug|x64.Build.0 = Debug|Any CPU
		{981281F6-B7C5-4742-B735-F7F00C292CB8}.Debug|x86.ActiveCfg = Debug|Any CPU
		{981281F6-B7C5-4742-B735-F7F00C292CB8}.Debug|x86.Build.0 = Debug|Any CPU
		{981281F6-B7C5-4742-B735-F7F00C292CB8}.Release|Any CPU.ActiveCfg = Release|Any CPU
		{981281F6-B7C5-4742-B735-F7F00C292CB8}.Release|Any CPU.Build.0 = Release|Any CPU
		{981281F6-B7C5-4742-B735-F7F00C292CB8}.Release|x64.ActiveCfg = Release|Any CPU
		{981281F6-B7C5-4742-B735-F7F00C292CB8}.Release|x64.Build.0 = Release|Any CPU
		{981281F6-B7C5-4742-B735-F7F00C292CB8}.Release|x86.ActiveCfg = Release|Any CPU
		{981281F6-B7C5-4742-B735-F7F00C292CB8}.Release|x86.Build.0 = Release|Any CPU
		{72E9D46B-DD10-478D-A9C7-512402A35844}.Debug|Any CPU.ActiveCfg = Debug|Any CPU
		{72E9D46B-DD10-478D-A9C7-512402A35844}.Debug|Any CPU.Build.0 = Debug|Any CPU
		{72E9D46B-DD10-478D-A9C7-512402A35844}.Debug|x64.ActiveCfg = Debug|Any CPU
		{72E9D46B-DD10-478D-A9C7-512402A35844}.Debug|x64.Build.0 = Debug|Any CPU
		{72E9D46B-DD10-478D-A9C7-512402A35844}.Debug|x86.ActiveCfg = Debug|Any CPU
		{72E9D46B-DD10-478D-A9C7-512402A35844}.Debug|x86.Build.0 = Debug|Any CPU
		{72E9D46B-DD10-478D-A9C7-512402A35844}.Release|Any CPU.ActiveCfg = Release|Any CPU
		{72E9D46B-DD10-478D-A9C7-512402A35844}.Release|Any CPU.Build.0 = Release|Any CPU
		{72E9D46B-DD10-478D-A9C7-512402A35844}.Release|x64.ActiveCfg = Release|Any CPU
		{72E9D46B-DD10-478D-A9C7-512402A35844}.Release|x64.Build.0 = Release|Any CPU
		{72E9D46B-DD10-478D-A9C7-512402A35844}.Release|x86.ActiveCfg = Release|Any CPU
		{72E9D46B-DD10-478D-A9C7-512402A35844}.Release|x86.Build.0 = Release|Any CPU
		{1C86194B-3631-42EC-A4AF-577B0E14AD6C}.Debug|Any CPU.ActiveCfg = Debug|Any CPU
		{1C86194B-3631-42EC-A4AF-577B0E14AD6C}.Debug|Any CPU.Build.0 = Debug|Any CPU
		{1C86194B-3631-42EC-A4AF-577B0E14AD6C}.Debug|x64.ActiveCfg = Debug|Any CPU
		{1C86194B-3631-42EC-A4AF-577B0E14AD6C}.Debug|x64.Build.0 = Debug|Any CPU
		{1C86194B-3631-42EC-A4AF-577B0E14AD6C}.Debug|x86.ActiveCfg = Debug|Any CPU
		{1C86194B-3631-42EC-A4AF-577B0E14AD6C}.Debug|x86.Build.0 = Debug|Any CPU
		{1C86194B-3631-42EC-A4AF-577B0E14AD6C}.Release|Any CPU.ActiveCfg = Release|Any CPU
		{1C86194B-3631-42EC-A4AF-577B0E14AD6C}.Release|Any CPU.Build.0 = Release|Any CPU
		{1C86194B-3631-42EC-A4AF-577B0E14AD6C}.Release|x64.ActiveCfg = Release|Any CPU
		{1C86194B-3631-42EC-A4AF-577B0E14AD6C}.Release|x64.Build.0 = Release|Any CPU
		{1C86194B-3631-42EC-A4AF-577B0E14AD6C}.Release|x86.ActiveCfg = Release|Any CPU
		{1C86194B-3631-42EC-A4AF-577B0E14AD6C}.Release|x86.Build.0 = Release|Any CPU
		{D5DE1862-29B0-458D-8201-5B7F4E2A6B7E}.Debug|Any CPU.ActiveCfg = Debug|Any CPU
		{D5DE1862-29B0-458D-8201-5B7F4E2A6B7E}.Debug|Any CPU.Build.0 = Debug|Any CPU
		{D5DE1862-29B0-458D-8201-5B7F4E2A6B7E}.Debug|x64.ActiveCfg = Debug|Any CPU
		{D5DE1862-29B0-458D-8201-5B7F4E2A6B7E}.Debug|x64.Build.0 = Debug|Any CPU
		{D5DE1862-29B0-458D-8201-5B7F4E2A6B7E}.Debug|x86.ActiveCfg = Debug|Any CPU
		{D5DE1862-29B0-458D-8201-5B7F4E2A6B7E}.Debug|x86.Build.0 = Debug|Any CPU
		{D5DE1862-29B0-458D-8201-5B7F4E2A6B7E}.Release|Any CPU.ActiveCfg = Release|Any CPU
		{D5DE1862-29B0-458D-8201-5B7F4E2A6B7E}.Release|Any CPU.Build.0 = Release|Any CPU
		{D5DE1862-29B0-458D-8201-5B7F4E2A6B7E}.Release|x64.ActiveCfg = Release|Any CPU
		{D5DE1862-29B0-458D-8201-5B7F4E2A6B7E}.Release|x64.Build.0 = Release|Any CPU
		{D5DE1862-29B0-458D-8201-5B7F4E2A6B7E}.Release|x86.ActiveCfg = Release|Any CPU
		{D5DE1862-29B0-458D-8201-5B7F4E2A6B7E}.Release|x86.Build.0 = Release|Any CPU
	EndGlobalSection
	GlobalSection(SolutionProperties) = preSolution
		HideSolutionNode = FALSE
	EndGlobalSection
	GlobalSection(NestedProjects) = preSolution
		{4ABE95E8-A1DC-4CC7-B75E-E4A97B94C7CF} = {69038CDD-EF9E-46CD-A28A-993CEDDEF10F}
		{965960F0-005B-4FC9-BC6E-80D1B37319C4} = {4BAB7AD5-0144-4424-AD33-720F757EB065}
		{B29EBF8A-1B81-4F6D-8C4A-F9ABB834D4E6} = {69038CDD-EF9E-46CD-A28A-993CEDDEF10F}
		{6FD394E3-9C64-4B86-B158-CB842DCAA7B5} = {69038CDD-EF9E-46CD-A28A-993CEDDEF10F}
		{18B9B419-D05A-459B-BAB4-2086C374CE56} = {69038CDD-EF9E-46CD-A28A-993CEDDEF10F}
		{98E4C7CC-F3C3-4B81-AA62-984F00D35464} = {69038CDD-EF9E-46CD-A28A-993CEDDEF10F}
		{8701473C-FCDE-4453-AFB6-39D388F534C5} = {69038CDD-EF9E-46CD-A28A-993CEDDEF10F}
		{C7848986-7548-40B2-92BA-51E6CAFAB800} = {69038CDD-EF9E-46CD-A28A-993CEDDEF10F}
		{5300F869-37BD-4137-B3E7-4E43175D4FB7} = {4BAB7AD5-0144-4424-AD33-720F757EB065}
		{4778075E-7E55-4F1C-9DBD-4B7AB11C1D8B} = {5300F869-37BD-4137-B3E7-4E43175D4FB7}
		{BFBA4E42-D0C4-487E-959A-016BB7EF6D1E} = {5300F869-37BD-4137-B3E7-4E43175D4FB7}
		{133E4F4B-4C33-4D46-8227-CE00E2300446} = {5300F869-37BD-4137-B3E7-4E43175D4FB7}
		{981281F6-B7C5-4742-B735-F7F00C292CB8} = {5300F869-37BD-4137-B3E7-4E43175D4FB7}
		{72E9D46B-DD10-478D-A9C7-512402A35844} = {5300F869-37BD-4137-B3E7-4E43175D4FB7}
		{1C86194B-3631-42EC-A4AF-577B0E14AD6C} = {69038CDD-EF9E-46CD-A28A-993CEDDEF10F}
		{D5DE1862-29B0-458D-8201-5B7F4E2A6B7E} = {5300F869-37BD-4137-B3E7-4E43175D4FB7}
	EndGlobalSection
EndGlobal
